
Microsoft Visual Studio Solution File, Format Version 12.00
# Visual Studio for Mac
Project("{FAE04EC0-301F-11D3-BF4B-00C04F79EFBC}") = "TallerMultimedia", "TallerMultimedia.csproj", "{5D407072-4E75-3A6E-0FD9-00F116442A99}"
EndProject
Global
	GlobalSection(SolutionConfigurationPlatforms) = preSolution
		Debug|Any CPU = Debug|Any CPU
		Release|Any CPU = Release|Any CPU
	EndGlobalSection
	GlobalSection(ProjectConfigurationPlatforms) = postSolution
		{5D407072-4E75-3A6E-0FD9-00F116442A99}.Debug|Any CPU.ActiveCfg = Debug|Any CPU
		{5D407072-4E75-3A6E-0FD9-00F116442A99}.Debug|Any CPU.Build.0 = Debug|Any CPU
		{5D407072-4E75-3A6E-0FD9-00F116442A99}.Release|Any CPU.ActiveCfg = Release|Any CPU
		{5D407072-4E75-3A6E-0FD9-00F116442A99}.Release|Any CPU.Build.0 = Release|Any CPU
	EndGlobalSection
	GlobalSection(SolutionProperties) = preSolution
		HideSolutionNode = FALSE
	EndGlobalSection
EndGlobal
